
Microsoft Visual Studio Solution File, Format Version 12.00
Project("{FAE04EC0-301F-11D3-BF4B-00C04F79EFBC}") = "TSEspionage", "TSEspionage\TSEspionage.csproj", "{A459E851-7D64-46C5-9E8C-9612ABF6BF8D}"
EndProject
Project("{FAE04EC0-301F-11D3-BF4B-00C04F79EFBC}") = "Doorstop", "Doorstop\Doorstop.csproj", "{1542E866-EDFA-426F-91FF-CA7E96ED4E9D}"
EndProject
Global
	GlobalSection(SolutionConfigurationPlatforms) = preSolution
		Debug|Any CPU = Debug|Any CPU
		Release|Any CPU = Release|Any CPU
	EndGlobalSection
	GlobalSection(ProjectConfigurationPlatforms) = postSolution
		{A459E851-7D64-46C5-9E8C-9612ABF6BF8D}.Debug|Any CPU.ActiveCfg = Debug|Any CPU
		{A459E851-7D64-46C5-9E8C-9612ABF6BF8D}.Debug|Any CPU.Build.0 = Debug|Any CPU
		{A459E851-7D64-46C5-9E8C-9612ABF6BF8D}.Release|Any CPU.ActiveCfg = Release|Any CPU
		{A459E851-7D64-46C5-9E8C-9612ABF6BF8D}.Release|Any CPU.Build.0 = Release|Any CPU
		{1542E866-EDFA-426F-91FF-CA7E96ED4E9D}.Debug|Any CPU.ActiveCfg = Debug|Any CPU
		{1542E866-EDFA-426F-91FF-CA7E96ED4E9D}.Debug|Any CPU.Build.0 = Debug|Any CPU
		{1542E866-EDFA-426F-91FF-CA7E96ED4E9D}.Release|Any CPU.ActiveCfg = Release|Any CPU
		{1542E866-EDFA-426F-91FF-CA7E96ED4E9D}.Release|Any CPU.Build.0 = Release|Any CPU
	EndGlobalSection
EndGlobal
